
Microsoft Visual Studio Solution File, Format Version 12.00
# Visual Studio Version 17
VisualStudioVersion = 17.13.35919.96
MinimumVisualStudioVersion = 10.0.40219.1
Project("{54A90642-561A-4BB1-A94E-469ADEE60C69}") = "mw.client", "mw.client\mw.client.esproj", "{2843D7D4-D48D-EE99-BC32-ED3C8B2814E6}"
EndProject
Project("{9A19103F-16F7-4668-BE54-9A1E7A4F7556}") = "MW.Server", "MW.Server\MW.Server.csproj", "{EF4F7831-1A49-44F2-B3F6-A8C5CD928475}"
EndProject
Global
	GlobalSection(SolutionConfigurationPlatforms) = preSolution
		Debug|Any CPU = Debug|Any CPU
		Release|Any CPU = Release|Any CPU
	EndGlobalSection
	GlobalSection(ProjectConfigurationPlatforms) = postSolution
		{2843D7D4-D48D-EE99-BC32-ED3C8B2814E6}.Debug|Any CPU.ActiveCfg = Debug|Any CPU
		{2843D7D4-D48D-EE99-BC32-ED3C8B2814E6}.Debug|Any CPU.Build.0 = Debug|Any CPU
		{2843D7D4-D48D-EE99-BC32-ED3C8B2814E6}.Debug|Any CPU.Deploy.0 = Debug|Any CPU
		{2843D7D4-D48D-EE99-BC32-ED3C8B2814E6}.Release|Any CPU.ActiveCfg = Release|Any CPU
		{2843D7D4-D48D-EE99-BC32-ED3C8B2814E6}.Release|Any CPU.Build.0 = Release|Any CPU
		{2843D7D4-D48D-EE99-BC32-ED3C8B2814E6}.Release|Any CPU.Deploy.0 = Release|Any CPU
		{EF4F7831-1A49-44F2-B3F6-A8C5CD928475}.Debug|Any CPU.ActiveCfg = Debug|Any CPU
		{EF4F7831-1A49-44F2-B3F6-A8C5CD928475}.Debug|Any CPU.Build.0 = Debug|Any CPU
		{EF4F7831-1A49-44F2-B3F6-A8C5CD928475}.Release|Any CPU.ActiveCfg = Release|Any CPU
		{EF4F7831-1A49-44F2-B3F6-A8C5CD928475}.Release|Any CPU.Build.0 = Release|Any CPU
	EndGlobalSection
	GlobalSection(SolutionProperties) = preSolution
		HideSolutionNode = FALSE
	EndGlobalSection
	GlobalSection(ExtensibilityGlobals) = postSolution
		SolutionGuid = {651E954B-F4D5-4983-B90E-A7946F266B3E}
	EndGlobalSection
EndGlobal
